
Microsoft Visual Studio Solution File, Format Version 12.00
# Visual Studio Version 17
VisualStudioVersion = 17.1.32210.238
MinimumVisualStudioVersion = 10.0.40219.1
Project("{FAE04EC0-301F-11D3-BF4B-00C04F79EFBC}") = "DeskBookingAPI", "DeskBookingAPI\DeskBookingAPI.csproj", "{0F1E4CE0-E828-4DD1-BFB9-0C7D723A7824}"
EndProject
Global
	GlobalSection(SolutionConfigurationPlatforms) = preSolution
		Debug|Any CPU = Debug|Any CPU
		Release|Any CPU = Release|Any CPU
	EndGlobalSection
	GlobalSection(ProjectConfigurationPlatforms) = postSolution
		{0F1E4CE0-E828-4DD1-BFB9-0C7D723A7824}.Debug|Any CPU.ActiveCfg = Debug|Any CPU
		{0F1E4CE0-E828-4DD1-BFB9-0C7D723A7824}.Debug|Any CPU.Build.0 = Debug|Any CPU
		{0F1E4CE0-E828-4DD1-BFB9-0C7D723A7824}.Release|Any CPU.ActiveCfg = Release|Any CPU
		{0F1E4CE0-E828-4DD1-BFB9-0C7D723A7824}.Release|Any CPU.Build.0 = Release|Any CPU
	EndGlobalSection
	GlobalSection(SolutionProperties) = preSolution
		HideSolutionNode = FALSE
	EndGlobalSection
	GlobalSection(ExtensibilityGlobals) = postSolution
		SolutionGuid = {ED178CA0-A7FC-4F83-AFCD-23D1C863A1C9}
	EndGlobalSection
EndGlobal
